// !$*UTF8*$!
{
	archiveVersion = 1;
	classes = {
	};
	objectVersion = 46;
	objects = {

/* Begin PBXBuildFile section */
		16F590C91A94530900A412DA /* main.m in Sources */ = {isa = PBXBuildFile; fileRef = 16F590C81A94530900A412DA /* main.m */; };
		16F590CC1A94530900A412DA /* AppDelegate.m in Sources */ = {isa = PBXBuildFile; fileRef = 16F590CB1A94530900A412DA /* AppDelegate.m */; };
		16F590D21A94530900A412DA /* ViewController.m in Sources */ = {isa = PBXBuildFile; fileRef = 16F590D11A94530900A412DA /* ViewController.m */; };
		16F590D51A94530900A412DA /* Main.storyboard in Resources */ = {isa = PBXBuildFile; fileRef = 16F590D31A94530900A412DA /* Main.storyboard */; };
		16F590D71A94530900A412DA /* Images.xcassets in Resources */ = {isa = PBXBuildFile; fileRef = 16F590D61A94530900A412DA /* Images.xcassets */; };
		16F590DA1A94530900A412DA /* LaunchScreen.xib in Resources */ = {isa = PBXBuildFile; fileRef = 16F590D81A94530900A412DA /* LaunchScreen.xib */; };
/* End PBXBuildFile section */

/* Begin PBXCopyFilesBuildPhase section */
		16D047021BB302B200A3E31E /* Embed Watch Content */ = {
			isa = PBXCopyFilesBuildPhase;
			buildActionMask = 2147483647;
			dstPath = "$(CONTENTS_FOLDER_PATH)/Watch";
			dstSubfolderSpec = 16;
			files = (
			);
			name = "Embed Watch Content";
			runOnlyForDeploymentPostprocessing = 0;
		};
/* End PBXCopyFilesBuildPhase section */

/* Begin PBXFileReference section */
		16D046E11BB302B200A3E31E /* Base */ = {isa = PBXFileReference; lastKnownFileType = file.storyboard; name = Base; path = Base.lproj/Interface.storyboard; sourceTree = "<group>"; };
		16D046E31BB302B200A3E31E /* Assets.xcassets */ = {isa = PBXFileReference; lastKnownFileType = folder.assetcatalog; path = Assets.xcassets; sourceTree = "<group>"; };
		16D046E51BB302B200A3E31E /* Info.plist */ = {isa = PBXFileReference; lastKnownFileType = text.plist.xml; path = Info.plist; sourceTree = "<group>"; };
		16D046EF1BB302B200A3E31E /* InterfaceController.h */ = {isa = PBXFileReference; lastKnownFileType = sourcecode.c.h; path = InterfaceController.h; sourceTree = "<group>"; };
		16D046F01BB302B200A3E31E /* InterfaceController.m */ = {isa = PBXFileReference; lastKnownFileType = sourcecode.c.objc; path = InterfaceController.m; sourceTree = "<group>"; };
		16D046F21BB302B200A3E31E /* ExtensionDelegate.h */ = {isa = PBXFileReference; lastKnownFileType = sourcecode.c.h; path = ExtensionDelegate.h; sourceTree = "<group>"; };
		16D046F31BB302B200A3E31E /* ExtensionDelegate.m */ = {isa = PBXFileReference; lastKnownFileType = sourcecode.c.objc; path = ExtensionDelegate.m; sourceTree = "<group>"; };
		16D046F51BB302B200A3E31E /* Assets.xcassets */ = {isa = PBXFileReference; lastKnownFileType = folder.assetcatalog; path = Assets.xcassets; sourceTree = "<group>"; };
		16D046F71BB302B200A3E31E /* Info.plist */ = {isa = PBXFileReference; lastKnownFileType = text.plist.xml; path = Info.plist; sourceTree = "<group>"; };
		16F590C31A94530900A412DA /* Bouncing Balls.app */ = {isa = PBXFileReference; explicitFileType = wrapper.application; includeInIndex = 0; path = "Bouncing Balls.app"; sourceTree = BUILT_PRODUCTS_DIR; };
		16F590C71A94530900A412DA /* Info.plist */ = {isa = PBXFileReference; lastKnownFileType = text.plist.xml; path = Info.plist; sourceTree = "<group>"; };
		16F590C81A94530900A412DA /* main.m */ = {isa = PBXFileReference; lastKnownFileType = sourcecode.c.objc; path = main.m; sourceTree = "<group>"; };
		16F590CA1A94530900A412DA /* AppDelegate.h */ = {isa = PBXFileReference; lastKnownFileType = sourcecode.c.h; path = AppDelegate.h; sourceTree = "<group>"; };
		16F590CB1A94530900A412DA /* AppDelegate.m */ = {isa = PBXFileReference; lastKnownFileType = sourcecode.c.objc; path = AppDelegate.m; sourceTree = "<group>"; };
		16F590D01A94530900A412DA /* ViewController.h */ = {isa = PBXFileReference; lastKnownFileType = sourcecode.c.h; path = ViewController.h; sourceTree = "<group>"; };
		16F590D11A94530900A412DA /* ViewController.m */ = {isa = PBXFileReference; lastKnownFileType = sourcecode.c.objc; path = ViewController.m; sourceTree = "<group>"; };
		16F590D41A94530900A412DA /* Base */ = {isa = PBXFileReference; lastKnownFileType = file.storyboard; name = Base; path = Base.lproj/Main.storyboard; sourceTree = "<group>"; };
		16F590D61A94530900A412DA /* Images.xcassets */ = {isa = PBXFileReference; lastKnownFileType = folder.assetcatalog; path = Images.xcassets; sourceTree = "<group>"; };
		16F590D91A94530900A412DA /* Base */ = {isa = PBXFileReference; lastKnownFileType = file.xib; name = Base; path = Base.lproj/LaunchScreen.xib; sourceTree = "<group>"; };
		16F590E41A94530900A412DA /* Info.plist */ = {isa = PBXFileReference; lastKnownFileType = text.plist.xml; path = Info.plist; sourceTree = "<group>"; };
		16F590E51A94530900A412DA /* BallroomTests.m */ = {isa = PBXFileReference; lastKnownFileType = sourcecode.c.objc; path = BallroomTests.m; sourceTree = "<group>"; };
/* End PBXFileReference section */

/* Begin PBXFrameworksBuildPhase section */
		16F590C01A94530900A412DA /* Frameworks */ = {
			isa = PBXFrameworksBuildPhase;
			buildActionMask = 2147483647;
			files = (
			);
			runOnlyForDeploymentPostprocessing = 0;
		};
/* End PBXFrameworksBuildPhase section */

/* Begin PBXGroup section */
		16D046DF1BB302B200A3E31E /* Watch */ = {
			isa = PBXGroup;
			children = (
				16D046E01BB302B200A3E31E /* Interface.storyboard */,
				16D046E31BB302B200A3E31E /* Assets.xcassets */,
				16D046E51BB302B200A3E31E /* Info.plist */,
			);
			path = Watch;
			sourceTree = "<group>";
		};
		16D046EE1BB302B200A3E31E /* Watch Extension */ = {
			isa = PBXGroup;
			children = (
				16D046EF1BB302B200A3E31E /* InterfaceController.h */,
				16D046F01BB302B200A3E31E /* InterfaceController.m */,
				16D046F21BB302B200A3E31E /* ExtensionDelegate.h */,
				16D046F31BB302B200A3E31E /* ExtensionDelegate.m */,
				16D046F51BB302B200A3E31E /* Assets.xcassets */,
				16D046F71BB302B200A3E31E /* Info.plist */,
			);
			path = "Watch Extension";
			sourceTree = "<group>";
		};
		16F590BA1A94530900A412DA = {
			isa = PBXGroup;
			children = (
				16F590C51A94530900A412DA /* Ballroom */,
				16F590E21A94530900A412DA /* BallroomTests */,
				16D046DF1BB302B200A3E31E /* Watch */,
				16D046EE1BB302B200A3E31E /* Watch Extension */,
				16F590C41A94530900A412DA /* Products */,
			);
			sourceTree = "<group>";
		};
		16F590C41A94530900A412DA /* Products */ = {
			isa = PBXGroup;
			children = (
				16F590C31A94530900A412DA /* Bouncing Balls.app */,
			);
			name = Products;
			sourceTree = "<group>";
		};
		16F590C51A94530900A412DA /* Ballroom */ = {
			isa = PBXGroup;
			children = (
				16F590CA1A94530900A412DA /* AppDelegate.h */,
				16F590CB1A94530900A412DA /* AppDelegate.m */,
				16F590D01A94530900A412DA /* ViewController.h */,
				16F590D11A94530900A412DA /* ViewController.m */,
				16F590D31A94530900A412DA /* Main.storyboard */,
				16F590D61A94530900A412DA /* Images.xcassets */,
				16F590D81A94530900A412DA /* LaunchScreen.xib */,
				16F590C61A94530900A412DA /* Supporting Files */,
			);
			path = Ballroom;
			sourceTree = "<group>";
		};
		16F590C61A94530900A412DA /* Supporting Files */ = {
			isa = PBXGroup;
			children = (
				16F590C71A94530900A412DA /* Info.plist */,
				16F590C81A94530900A412DA /* main.m */,
			);
			name = "Supporting Files";
			sourceTree = "<group>";
		};
		16F590E21A94530900A412DA /* BallroomTests */ = {
			isa = PBXGroup;
			children = (
				16F590E51A94530900A412DA /* BallroomTests.m */,
				16F590E31A94530900A412DA /* Supporting Files */,
			);
			path = BallroomTests;
			sourceTree = "<group>";
		};
		16F590E31A94530900A412DA /* Supporting Files */ = {
			isa = PBXGroup;
			children = (
				16F590E41A94530900A412DA /* Info.plist */,
			);
			name = "Supporting Files";
			sourceTree = "<group>";
		};
/* End PBXGroup section */

/* Begin PBXNativeTarget section */
		16F590C21A94530900A412DA /* Bouncing Balls */ = {
			isa = PBXNativeTarget;
			buildConfigurationList = 16F590E91A94530900A412DA /* Build configuration list for PBXNativeTarget "Bouncing Balls" */;
			buildPhases = (
				16F590BF1A94530900A412DA /* Sources */,
				16F590C01A94530900A412DA /* Frameworks */,
				16F590C11A94530900A412DA /* Resources */,
				16D047021BB302B200A3E31E /* Embed Watch Content */,
			);
			buildRules = (
			);
			dependencies = (
			);
			name = "Bouncing Balls";
			productName = Ballroom;
			productReference = 16F590C31A94530900A412DA /* Bouncing Balls.app */;
			productType = "com.apple.product-type.application";
		};
/* End PBXNativeTarget section */

/* Begin PBXProject section */
		16F590BB1A94530900A412DA /* Project object */ = {
			isa = PBXProject;
			attributes = {
				LastUpgradeCheck = 0720;
				ORGANIZATIONNAME = Listomni;
				TargetAttributes = {
					16F590C21A94530900A412DA = {
						CreatedOnToolsVersion = 6.1.1;
						DevelopmentTeam = 7MKR27Q4ET;
					};
				};
			};
			buildConfigurationList = 16F590BE1A94530900A412DA /* Build configuration list for PBXProject "Ballroom" */;
			compatibilityVersion = "Xcode 3.2";
			developmentRegion = English;
			hasScannedForEncodings = 0;
			knownRegions = (
				en,
				Base,
			);
			mainGroup = 16F590BA1A94530900A412DA;
			productRefGroup = 16F590C41A94530900A412DA /* Products */;
			projectDirPath = "";
			projectRoot = "";
			targets = (
				16F590C21A94530900A412DA /* Bouncing Balls */,
			);
		};
/* End PBXProject section */

/* Begin PBXResourcesBuildPhase section */
		16F590C11A94530900A412DA /* Resources */ = {
			isa = PBXResourcesBuildPhase;
			buildActionMask = 2147483647;
			files = (
				16F590D51A94530900A412DA /* Main.storyboard in Resources */,
				16F590DA1A94530900A412DA /* LaunchScreen.xib in Resources */,
				16F590D71A94530900A412DA /* Images.xcassets in Resources */,
			);
			runOnlyForDeploymentPostprocessing = 0;
		};
/* End PBXResourcesBuildPhase section */

/* Begin PBXSourcesBuildPhase section */
		16F590BF1A94530900A412DA /* Sources */ = {
			isa = PBXSourcesBuildPhase;
			buildActionMask = 2147483647;
			files = (
				16F590CC1A94530900A412DA /* AppDelegate.m in Sources */,
				16F590D21A94530900A412DA /* ViewController.m in Sources */,
				16F590C91A94530900A412DA /* main.m in Sources */,
			);
			runOnlyForDeploymentPostprocessing = 0;
		};
/* End PBXSourcesBuildPhase section */

/* Begin PBXVariantGroup section */
		16D046E01BB302B200A3E31E /* Interface.storyboard */ = {
			isa = PBXVariantGroup;
			children = (
				16D046E11BB302B200A3E31E /* Base */,
			);
			name = Interface.storyboard;
			sourceTree = "<group>";
		};
		16F590D31A94530900A412DA /* Main.storyboard */ = {
			isa = PBXVariantGroup;
			children = (
				16F590D41A94530900A412DA /* Base */,
			);
			name = Main.storyboard;
			sourceTree = "<group>";
		};
		16F590D81A94530900A412DA /* LaunchScreen.xib */ = {
			isa = PBXVariantGroup;
			children = (
				16F590D91A94530900A412DA /* Base */,
			);
			name = LaunchScreen.xib;
			sourceTree = "<group>";
		};
/* End PBXVariantGroup section */

/* Begin XCBuildConfiguration section */
		16F590E71A94530900A412DA /* Debug */ = {
			isa = XCBuildConfiguration;
			buildSettings = {
				ALWAYS_SEARCH_USER_PATHS = NO;
				CLANG_CXX_LANGUAGE_STANDARD = "gnu++0x";
				CLANG_CXX_LIBRARY = "libc++";
				CLANG_ENABLE_MODULES = YES;
				CLANG_ENABLE_OBJC_ARC = YES;
				CLANG_WARN_BOOL_CONVERSION = YES;
				CLANG_WARN_CONSTANT_CONVERSION = YES;
				CLANG_WARN_DIRECT_OBJC_ISA_USAGE = YES_ERROR;
				CLANG_WARN_EMPTY_BODY = YES;
				CLANG_WARN_ENUM_CONVERSION = YES;
				CLANG_WARN_INT_CONVERSION = YES;
				CLANG_WARN_OBJC_ROOT_CLASS = YES_ERROR;
				CLANG_WARN_UNREACHABLE_CODE = YES;
				CLANG_WARN__DUPLICATE_METHOD_MATCH = YES;
				"CODE_SIGN_IDENTITY[sdk=iphoneos*]" = "iPhone Developer";
				COPY_PHASE_STRIP = NO;
				ENABLE_STRICT_OBJC_MSGSEND = YES;
				ENABLE_TESTABILITY = YES;
				GCC_C_LANGUAGE_STANDARD = gnu99;
				GCC_DYNAMIC_NO_PIC = NO;
				GCC_OPTIMIZATION_LEVEL = 0;
				GCC_PREPROCESSOR_DEFINITIONS = (
					"DEBUG=1",
					"$(inherited)",
				);
				GCC_SYMBOLS_PRIVATE_EXTERN = NO;
				GCC_WARN_64_TO_32_BIT_CONVERSION = YES;
				GCC_WARN_ABOUT_RETURN_TYPE = YES_ERROR;
				GCC_WARN_UNDECLARED_SELECTOR = YES;
				GCC_WARN_UNINITIALIZED_AUTOS = YES_AGGRESSIVE;
				GCC_WARN_UNUSED_FUNCTION = YES;
				GCC_WARN_UNUSED_VARIABLE = YES;
				IPHONEOS_DEPLOYMENT_TARGET = 8.1;
				MTL_ENABLE_DEBUG_INFO = YES;
				ONLY_ACTIVE_ARCH = YES;
				SDKROOT = iphoneos;
				TARGETED_DEVICE_FAMILY = "1,2";
			};
			name = Debug;
		};
		16F590E81A94530900A412DA /* Release */ = {
			isa = XCBuildConfiguration;
			buildSettings = {
				ALWAYS_SEARCH_USER_PATHS = NO;
				CLANG_CXX_LANGUAGE_STANDARD = "gnu++0x";
				CLANG_CXX_LIBRARY = "libc++";
				CLANG_ENABLE_MODULES = YES;
				CLANG_ENABLE_OBJC_ARC = YES;
				CLANG_WARN_BOOL_CONVERSION = YES;
				CLANG_WARN_CONSTANT_CONVERSION = YES;
				CLANG_WARN_DIRECT_OBJC_ISA_USAGE = YES_ERROR;
				CLANG_WARN_EMPTY_BODY = YES;
				CLANG_WARN_ENUM_CONVERSION = YES;
				CLANG_WARN_INT_CONVERSION = YES;
				CLANG_WARN_OBJC_ROOT_CLASS = YES_ERROR;
				CLANG_WARN_UNREACHABLE_CODE = YES;
				CLANG_WARN__DUPLICATE_METHOD_MATCH = YES;
				CODE_SIGN_IDENTITY = "iPhone Distribution";
				"CODE_SIGN_IDENTITY[sdk=iphoneos*]" = "iPhone Distribution";
				COPY_PHASE_STRIP = YES;
				ENABLE_NS_ASSERTIONS = NO;
				ENABLE_STRICT_OBJC_MSGSEND = YES;
				GCC_C_LANGUAGE_STANDARD = gnu99;
				GCC_WARN_64_TO_32_BIT_CONVERSION = YES;
				GCC_WARN_ABOUT_RETURN_TYPE = YES_ERROR;
				GCC_WARN_UNDECLARED_SELECTOR = YES;
				GCC_WARN_UNINITIALIZED_AUTOS = YES_AGGRESSIVE;
				GCC_WARN_UNUSED_FUNCTION = YES;
				GCC_WARN_UNUSED_VARIABLE = YES;
				IPHONEOS_DEPLOYMENT_TARGET = 8.1;
				MTL_ENABLE_DEBUG_INFO = NO;
				SDKROOT = iphoneos;
				TARGETED_DEVICE_FAMILY = "1,2";
				VALIDATE_PRODUCT = YES;
			};
			name = Release;
		};
		16F590EA1A94530900A412DA /* Debug */ = {
			isa = XCBuildConfiguration;
			buildSettings = {
				ASSETCATALOG_COMPILER_APPICON_NAME = AppIcon;
				CODE_SIGN_IDENTITY = "iPhone Developer";
				"CODE_SIGN_IDENTITY[sdk=iphoneos*]" = "iPhone Developer";
				DEVELOPMENT_TEAM = 7MKR27Q4ET;
				INFOPLIST_FILE = Ballroom/Info.plist;
				IPHONEOS_DEPLOYMENT_TARGET = 8.0;
				LD_RUNPATH_SEARCH_PATHS = "$(inherited) @executable_path/Frameworks";
				PRODUCT_BUNDLE_IDENTIFIER = com.gumballlabs.BouncingBalls;
				PRODUCT_NAME = "$(TARGET_NAME)";
				PROVISIONING_PROFILE = "";
				TARGETED_DEVICE_FAMILY = "1,2";
			};
			name = Debug;
		};
		16F590EB1A94530900A412DA /* Release */ = {
			isa = XCBuildConfiguration;
			buildSettings = {
				ASSETCATALOG_COMPILER_APPICON_NAME = AppIcon;
				CODE_SIGN_IDENTITY = "iPhone Developer";
				"CODE_SIGN_IDENTITY[sdk=iphoneos*]" = "iPhone Developer";
				DEVELOPMENT_TEAM = 7MKR27Q4ET;
				INFOPLIST_FILE = Ballroom/Info.plist;
				IPHONEOS_DEPLOYMENT_TARGET = 8.0;
				LD_RUNPATH_SEARCH_PATHS = "$(inherited) @executable_path/Frameworks";
				PRODUCT_BUNDLE_IDENTIFIER = com.gumballlabs.BouncingBalls;
				PRODUCT_NAME = "$(TARGET_NAME)";
				PROVISIONING_PROFILE = "";
				TARGETED_DEVICE_FAMILY = "1,2";
			};
			name = Release;
		};
/* End XCBuildConfiguration section */

/* Begin XCConfigurationList section */
		16F590BE1A94530900A412DA /* Build configuration list for PBXProject "Ballroom" */ = {
			isa = XCConfigurationList;
			buildConfigurations = (
				16F590E71A94530900A412DA /* Debug */,
				16F590E81A94530900A412DA /* Release */,
			);
			defaultConfigurationIsVisible = 0;
			defaultConfigurationName = Release;
		};
		16F590E91A94530900A412DA /* Build configuration list for PBXNativeTarget "Bouncing Balls" */ = {
			isa = XCConfigurationList;
			buildConfigurations = (
				16F590EA1A94530900A412DA /* Debug */,
				16F590EB1A94530900A412DA /* Release */,
			);
			defaultConfigurationIsVisible = 0;
			defaultConfigurationName = Release;
		};
/* End XCConfigurationList section */
	};
	rootObject = 16F590BB1A94530900A412DA /* Project object */;
}
